{
  "nodes": {
    "deepseek-harness": {
      "inputs": {
        "flake-parts": "flake-parts",
        "nixpkgs": "nixpkgs",
        "systems": "systems"
      },
      "locked": {
        "lastModified": 1791236005,
        "narHash": "sha256-TYWbSSMU6Z0HhP9hjBEl6xppBa2fqDtDWKOP51ydtb0=",
        "ref": "refs/heads/main",
        "rev": "b66eb7b375b646600d183e0a59f38839d2e8ea9b",
        "revCount": 910,
        "type": "git",
        "url": "https://gh.dpik.top/https://github.com/moraxyc/deepseek-harness.nix"
      },
      "original": {
        "type": "git",
        "url": "https://gh.dpik.top/https://github.com/moraxyc/deepseek-harness.nix"
      }
    },
    "flake-parts": {
      "inputs": {
        "nixpkgs-lib": [
          "deepseek-harness",
          "nixpkgs"
        ]
      },
      "locked": {
        "lastModified": 1790898470,
        "narHash": "sha256-zTwuwezD0w3hpga6a6P8emidzAZFyWqlNeRBlpWOOl8=",
        "owner": "hercules-ci",
        "repo": "flake-parts",
        "rev": "024633cd702b10285db5cb19b40ad48d2399ba60",
        "type": "github"
      },
      "original": {
        "owner": "hercules-ci",
        "repo": "flake-parts",
        "type": "github"
      }
    },
    "flake-utils": {
      "inputs": {
        "systems": "systems_2"
      },
      "locked": {
        "lastModified": 1731533236,
        "narHash": "sha256-l0KFg5HjrsfsO/JpG+r7fRrqm12kzFHyUHqHCVpMMbI=",
        "owner": "numtide",
        "repo": "flake-utils",
        "rev": "11707dc2f618dd54ca8739b309ec4fc024de578b",
        "type": "github"
      },
      "original": {
        "owner": "numtide",
        "repo": "flake-utils",
        "type": "github"
      }
    },
    "home-manager": {
      "inputs": {
        "nixpkgs": [
          "nixpkgs"
        ]
      },
      "locked": {
        "lastModified": 1791227480,
        "narHash": "sha256-+lrD+sxc2RKUWXRBAcggn7uBCFeJgnV75jD/cz7gJRA=",
        "ref": "master",
        "rev": "aa23f720d022187228bc264f759aef6b80233bcf",
        "shallow": true,
        "type": "git",
        "url": "https://gh.dpik.top/https://github.com/nix-community/home-manager.git"
      },
      "original": {
        "ref": "master",
        "shallow": true,
        "type": "git",
        "url": "https://gh.dpik.top/https://github.com/nix-community/home-manager.git"
      }
    },
    "nix-wpsoffice-cn": {
      "inputs": {
        "flake-utils": "flake-utils",
        "nixpkgs": [
          "nixpkgs"
        ]
      },
      "locked": {
        "lastModified": 1749822003,
        "narHash": "sha256-sCCF84iX5oqpHtublaaOkK1AV2x1igKJBRsUcLOIfiU=",
        "ref": "refs/heads/main",
        "rev": "2a4e1644761b7060b447247bfa08fa2e966abe63",
        "shallow": true,
        "type": "git",
        "url": "https://gh.dpik.top/https://github.com/Beriholic/nix-wpsoffice-cn.git"
      },
      "original": {
        "shallow": true,
        "type": "git",
        "url": "https://gh.dpik.top/https://github.com/Beriholic/nix-wpsoffice-cn.git"
      }
    },
    "nixos-chatgpt": {
      "inputs": {
        "nixpkgs": [
          "nixpkgs"
        ]
      },
      "locked": {
        "lastModified": 1789039487,
        "narHash": "sha256-27JmTIBo6G5Vy/LN3XCf2T5GosCPzjWdP8xnWuKT3Gc=",
        "ref": "refs/heads/main",
        "rev": "aa0e882c29b3080f1ba72f12749f3ee472dc6901",
        "shallow": true,
        "type": "git",
        "url": "https://gh.dpik.top/https://github.com/csoftware-arigpt/nixos-chatgpt.git"
      },
      "original": {
        "rev": "aa0e882c29b3080f1ba72f12749f3ee472dc6901",
        "shallow": true,
        "type": "git",
        "url": "https://gh.dpik.top/https://github.com/csoftware-arigpt/nixos-chatgpt.git"
      }
    },
    "nixos-grub-themes": {
      "inputs": {
        "nixpkgs": [
          "nixpkgs"
        ]
      },
      "locked": {
        "lastModified": 1781846278,
        "narHash": "sha256-FKKfJZnw32Kz5pHmjflb1piJ1dgRjtimQOBiWeAn4DE=",
        "ref": "refs/heads/main",
        "rev": "da7497bdcfbfd55a6279559e2d9af812f511073b",
        "shallow": true,
        "type": "git",
        "url": "https://gh.dpik.top/https://github.com/jeslie0/nixos-grub-themes.git"
      },
      "original": {
        "shallow": true,
        "type": "git",
        "url": "https://gh.dpik.top/https://github.com/jeslie0/nixos-grub-themes.git"
      }
    },
    "nixpkgs": {
      "locked": {
        "lastModified": 1790769526,
        "narHash": "sha256-5AIVFLRcx8YAwbFTVPTs7YhwJH7JyHfAQsvXmpovcXI=",
        "owner": "NixOS",
        "repo": "nixpkgs",
        "rev": "c9fe7d12cd78d1adcd12dd15e24432dde5b155a0",
        "type": "github"
      },
      "original": {
        "owner": "NixOS",
        "ref": "nixpkgs-unstable",
        "repo": "nixpkgs",
        "type": "github"
      }
    },
    "nixpkgs_2": {
      "locked": {
        "lastModified": 1791260994,
        "narHash": "sha256-MFBjw66d4h06MvpW6lIl7RwarLteD0sk859CncGwb1Q=",
        "rev": "151fa4e8ddfdd8dd25d945ad94ed54a13de9f6e4",
        "type": "tarball",
        "url": "https://releases.nixos.org/nixos/unstable/nixos-26.11pre1086391.151fa4e8ddfd/nixexprs.tar.zst"
      },
      "original": {
        "type": "tarball",
        "url": "https://channels.nixos.org/nixos-unstable/nixexprs.tar.zst"
      }
    },
    "noctalia": {
      "inputs": {
        "nixpkgs": [
          "nixpkgs"
        ]
      },
      "locked": {
        "lastModified": 1791232579,
        "narHash": "sha256-w41WEK3y1U2FMf/01iyYHJg1zbskNWEC588/8pK307c=",
        "ref": "refs/heads/main",
        "rev": "4da7a84135070f92333968be9d1486edb7cf8e2b",
        "shallow": true,
        "type": "git",
        "url": "https://gh.dpik.top/https://github.com/noctalia-dev/noctalia.git"
      },
      "original": {
        "shallow": true,
        "type": "git",
        "url": "https://gh.dpik.top/https://github.com/noctalia-dev/noctalia.git"
      }
    },
    "root": {
      "inputs": {
        "deepseek-harness": "deepseek-harness",
        "home-manager": "home-manager",
        "nix-wpsoffice-cn": "nix-wpsoffice-cn",
        "nixos-chatgpt": "nixos-chatgpt",
        "nixos-grub-themes": "nixos-grub-themes",
        "nixpkgs": "nixpkgs_2",
        "noctalia": "noctalia",
        "zen-browser": "zen-browser"
      }
    },
    "systems": {
      "locked": {
        "lastModified": 1776166891,
        "narHash": "sha256-bI8yrEGjrohR5hkQox7UrxDH7XqrYMwI8SL/LrJ1+S8=",
        "owner": "nix-systems",
        "repo": "triplet",
        "rev": "6de7bc09397911ce03636afbcf6118745ab2cda0",
        "type": "github"
      },
      "original": {
        "owner": "nix-systems",
        "repo": "triplet",
        "type": "github"
      }
    },
    "systems_2": {
      "locked": {
        "lastModified": 1681028828,
        "narHash": "sha256-Vy1rq5AaRuLzOxct8nz4T6wlgyUR7zLU309k9mBC768=",
        "owner": "nix-systems",
        "repo": "default",
        "rev": "da67096a3b9bf56a91d16901293e51ba5b49a27e",
        "type": "github"
      },
      "original": {
        "owner": "nix-systems",
        "repo": "default",
        "type": "github"
      }
    },
    "zen-browser": {
      "inputs": {
        "nixpkgs": [
          "nixpkgs"
        ]
      },
      "locked": {
        "lastModified": 1791109428,
        "narHash": "sha256-9Wlecihq1JF26Le4xw1q75pQ4z0Pw88rRmUjeHzQXjY=",
        "ref": "refs/heads/master",
        "rev": "4bbcd79d8104040a2e510f81199210070900ebcd",
        "shallow": true,
        "type": "git",
        "url": "https://gh.dpik.top/https://github.com/youwen5/zen-browser-flake.git"
      },
      "original": {
        "shallow": true,
        "type": "git",
        "url": "https://gh.dpik.top/https://github.com/youwen5/zen-browser-flake.git"
      }
    }
  },
  "root": "root",
  "version": 7
}
